
Microsoft Visual Studio Solution File, Format Version 12.00
# Visual Studio 14
VisualStudioVersion = 14.0.25420.1
MinimumVisualStudioVersion = 10.0.40219.1
Project("{FAE04EC0-301F-11D3-BF4B-00C04F79EFBC}") = "BookApplication", "BookApplication\BookApplication.csproj", "{650AF01E-EE65-48DB-8E96-8D9B05E62A6A}"
EndProject
Project("{FAE04EC0-301F-11D3-BF4B-00C04F79EFBC}") = "BookApplication.Tests", "BookApplication.Tests\BookApplication.Tests.csproj", "{F9F2403F-F88E-490C-B692-79C402A4C4AB}"
EndProject
Global
	GlobalSection(SolutionConfigurationPlatforms) = preSolution
		Debug|Any CPU = Debug|Any CPU
		Release|Any CPU = Release|Any CPU
	EndGlobalSection
	GlobalSection(ProjectConfigurationPlatforms) = postSolution
		{650AF01E-EE65-48DB-8E96-8D9B05E62A6A}.Debug|Any CPU.ActiveCfg = Debug|Any CPU
		{650AF01E-EE65-48DB-8E96-8D9B05E62A6A}.Debug|Any CPU.Build.0 = Debug|Any CPU
		{650AF01E-EE65-48DB-8E96-8D9B05E62A6A}.Release|Any CPU.ActiveCfg = Release|Any CPU
		{650AF01E-EE65-48DB-8E96-8D9B05E62A6A}.Release|Any CPU.Build.0 = Release|Any CPU
		{F9F2403F-F88E-490C-B692-79C402A4C4AB}.Debug|Any CPU.ActiveCfg = Debug|Any CPU
		{F9F2403F-F88E-490C-B692-79C402A4C4AB}.Debug|Any CPU.Build.0 = Debug|Any CPU
		{F9F2403F-F88E-490C-B692-79C402A4C4AB}.Release|Any CPU.ActiveCfg = Release|Any CPU
		{F9F2403F-F88E-490C-B692-79C402A4C4AB}.Release|Any CPU.Build.0 = Release|Any CPU
	EndGlobalSection
	GlobalSection(SolutionProperties) = preSolution
		HideSolutionNode = FALSE
	EndGlobalSection
EndGlobal
